
Microsoft Visual Studio Solution File, Format Version 12.00
# Visual Studio 15
VisualStudioVersion = 15.0.28307.757
MinimumVisualStudioVersion = 10.0.40219.1
Project("{9A19103F-16F7-4668-BE54-9A1E7A4F7556}") = "LunchtimeQuizzes", "PractiseProject\LunchtimeQuizzes.csproj", "{4677A652-1CB1-4AE0-8F4F-8E1528AC54C1}"
EndProject
Project("{9A19103F-16F7-4668-BE54-9A1E7A4F7556}") = "SimpleCalculator", "SimpleCalculator\SimpleCalculator.csproj", "{21E71163-9F41-4760-9723-D89A8453313A}"
EndProject
Project("{9A19103F-16F7-4668-BE54-9A1E7A4F7556}") = "ArrayUnscrambler", "ArrayUnscrambler\ArrayUnscrambler.csproj", "{6AEF84F7-2C31-421E-ADBE-EE9E874AF474}"
EndProject
Project("{9A19103F-16F7-4668-BE54-9A1E7A4F7556}") = "SecretSanta", "SecretSanta\SecretSanta.csproj", "{F339AA86-EA14-4F82-B2C1-904A7468FD64}"
EndProject
Global
	GlobalSection(SolutionConfigurationPlatforms) = preSolution
		Debug|Any CPU = Debug|Any CPU
		Release|Any CPU = Release|Any CPU
	EndGlobalSection
	GlobalSection(ProjectConfigurationPlatforms) = postSolution
		{4677A652-1CB1-4AE0-8F4F-8E1528AC54C1}.Debug|Any CPU.ActiveCfg = Debug|Any CPU
		{4677A652-1CB1-4AE0-8F4F-8E1528AC54C1}.Debug|Any CPU.Build.0 = Debug|Any CPU
		{4677A652-1CB1-4AE0-8F4F-8E1528AC54C1}.Release|Any CPU.ActiveCfg = Release|Any CPU
		{4677A652-1CB1-4AE0-8F4F-8E1528AC54C1}.Release|Any CPU.Build.0 = Release|Any CPU
		{21E71163-9F41-4760-9723-D89A8453313A}.Debug|Any CPU.ActiveCfg = Debug|Any CPU
		{21E71163-9F41-4760-9723-D89A8453313A}.Debug|Any CPU.Build.0 = Debug|Any CPU
		{21E71163-9F41-4760-9723-D89A8453313A}.Release|Any CPU.ActiveCfg = Release|Any CPU
		{21E71163-9F41-4760-9723-D89A8453313A}.Release|Any CPU.Build.0 = Release|Any CPU
		{6AEF84F7-2C31-421E-ADBE-EE9E874AF474}.Debug|Any CPU.ActiveCfg = Debug|Any CPU
		{6AEF84F7-2C31-421E-ADBE-EE9E874AF474}.Debug|Any CPU.Build.0 = Debug|Any CPU
		{6AEF84F7-2C31-421E-ADBE-EE9E874AF474}.Release|Any CPU.ActiveCfg = Release|Any CPU
		{6AEF84F7-2C31-421E-ADBE-EE9E874AF474}.Release|Any CPU.Build.0 = Release|Any CPU
		{F339AA86-EA14-4F82-B2C1-904A7468FD64}.Debug|Any CPU.ActiveCfg = Debug|Any CPU
		{F339AA86-EA14-4F82-B2C1-904A7468FD64}.Debug|Any CPU.Build.0 = Debug|Any CPU
		{F339AA86-EA14-4F82-B2C1-904A7468FD64}.Release|Any CPU.ActiveCfg = Release|Any CPU
		{F339AA86-EA14-4F82-B2C1-904A7468FD64}.Release|Any CPU.Build.0 = Release|Any CPU
	EndGlobalSection
	GlobalSection(SolutionProperties) = preSolution
		HideSolutionNode = FALSE
	EndGlobalSection
	GlobalSection(ExtensibilityGlobals) = postSolution
		SolutionGuid = {51E645C1-7C96-4C1D-9655-6E8AFF9DBAD5}
	EndGlobalSection
EndGlobal
